// !$*UTF8*$!
{
	archiveVersion = 1;
	classes = {
	};
	objectVersion = 46;
	objects = {

/* Begin PBXBuildFile section */
		79D3208919BF6AE7008C355C /* AppDelegate.swift in Sources */ = {isa = PBXBuildFile; fileRef = 79D3208819BF6AE7008C355C /* AppDelegate.swift */; };
		79D3208B19BF6AE7008C355C /* ViewController.swift in Sources */ = {isa = PBXBuildFile; fileRef = 79D3208A19BF6AE7008C355C /* ViewController.swift */; };
		79D3208E19BF6AE7008C355C /* Main.storyboard in Resources */ = {isa = PBXBuildFile; fileRef = 79D3208C19BF6AE7008C355C /* Main.storyboard */; };
		79D3209019BF6AE7008C355C /* Images.xcassets in Resources */ = {isa = PBXBuildFile; fileRef = 79D3208F19BF6AE7008C355C /* Images.xcassets */; };
		79D3209C19BF6AE7008C355C /* PicMapperTests.swift in Sources */ = {isa = PBXBuildFile; fileRef = 79D3209B19BF6AE7008C355C /* PicMapperTests.swift */; };
		79EEE08F19C0FB610037903F /* CFNetwork.framework in Frameworks */ = {isa = PBXBuildFile; fileRef = 79EEE08E19C0FB610037903F /* CFNetwork.framework */; };
		79EEE09119C0FB670037903F /* Security.framework in Frameworks */ = {isa = PBXBuildFile; fileRef = 79EEE09019C0FB670037903F /* Security.framework */; };
		79EEE09319C0FB720037903F /* SystemConfiguration.framework in Frameworks */ = {isa = PBXBuildFile; fileRef = 79EEE09219C0FB720037903F /* SystemConfiguration.framework */; };
		79EEE09519C0FB7D0037903F /* libsqlite3.dylib in Frameworks */ = {isa = PBXBuildFile; fileRef = 79EEE09419C0FB7D0037903F /* libsqlite3.dylib */; };
		79EEE09719C0FB870037903F /* libz.dylib in Frameworks */ = {isa = PBXBuildFile; fileRef = 79EEE09619C0FB870037903F /* libz.dylib */; };
		79EEE0A219C104170037903F /* CouchbaseLite.framework in Frameworks */ = {isa = PBXBuildFile; fileRef = 79EEE0A119C104170037903F /* CouchbaseLite.framework */; };
/* End PBXBuildFile section */

/* Begin PBXContainerItemProxy section */
		79D3209619BF6AE7008C355C /* PBXContainerItemProxy */ = {
			isa = PBXContainerItemProxy;
			containerPortal = 79D3207B19BF6AE7008C355C /* Project object */;
			proxyType = 1;
			remoteGlobalIDString = 79D3208219BF6AE7008C355C;
			remoteInfo = PicMapper;
		};
/* End PBXContainerItemProxy section */

/* Begin PBXFileReference section */
		79D3208319BF6AE7008C355C /* PicMapper.app */ = {isa = PBXFileReference; explicitFileType = wrapper.application; includeInIndex = 0; path = PicMapper.app; sourceTree = BUILT_PRODUCTS_DIR; };
		79D3208719BF6AE7008C355C /* Info.plist */ = {isa = PBXFileReference; lastKnownFileType = text.plist.xml; path = Info.plist; sourceTree = "<group>"; };
		79D3208819BF6AE7008C355C /* AppDelegate.swift */ = {isa = PBXFileReference; lastKnownFileType = sourcecode.swift; path = AppDelegate.swift; sourceTree = "<group>"; };
		79D3208A19BF6AE7008C355C /* ViewController.swift */ = {isa = PBXFileReference; lastKnownFileType = sourcecode.swift; path = ViewController.swift; sourceTree = "<group>"; };
		79D3208D19BF6AE7008C355C /* Base */ = {isa = PBXFileReference; lastKnownFileType = file.storyboard; name = Base; path = Base.lproj/Main.storyboard; sourceTree = "<group>"; };
		79D3208F19BF6AE7008C355C /* Images.xcassets */ = {isa = PBXFileReference; lastKnownFileType = folder.assetcatalog; path = Images.xcassets; sourceTree = "<group>"; };
		79D3209519BF6AE7008C355C /* PicMapperTests.xctest */ = {isa = PBXFileReference; explicitFileType = wrapper.cfbundle; includeInIndex = 0; path = PicMapperTests.xctest; sourceTree = BUILT_PRODUCTS_DIR; };
		79D3209A19BF6AE7008C355C /* Info.plist */ = {isa = PBXFileReference; lastKnownFileType = text.plist.xml; path = Info.plist; sourceTree = "<group>"; };
		79D3209B19BF6AE7008C355C /* PicMapperTests.swift */ = {isa = PBXFileReference; lastKnownFileType = sourcecode.swift; path = PicMapperTests.swift; sourceTree = "<group>"; };
		79EEE08E19C0FB610037903F /* CFNetwork.framework */ = {isa = PBXFileReference; lastKnownFileType = wrapper.framework; name = CFNetwork.framework; path = System/Library/Frameworks/CFNetwork.framework; sourceTree = SDKROOT; };
		79EEE09019C0FB670037903F /* Security.framework */ = {isa = PBXFileReference; lastKnownFileType = wrapper.framework; name = Security.framework; path = System/Library/Frameworks/Security.framework; sourceTree = SDKROOT; };
		79EEE09219C0FB720037903F /* SystemConfiguration.framework */ = {isa = PBXFileReference; lastKnownFileType = wrapper.framework; name = SystemConfiguration.framework; path = System/Library/Frameworks/SystemConfiguration.framework; sourceTree = SDKROOT; };
		79EEE09419C0FB7D0037903F /* libsqlite3.dylib */ = {isa = PBXFileReference; lastKnownFileType = "compiled.mach-o.dylib"; name = libsqlite3.dylib; path = usr/lib/libsqlite3.dylib; sourceTree = SDKROOT; };
		79EEE09619C0FB870037903F /* libz.dylib */ = {isa = PBXFileReference; lastKnownFileType = "compiled.mach-o.dylib"; name = libz.dylib; path = usr/lib/libz.dylib; sourceTree = SDKROOT; };
		79EEE0A019C102E60037903F /* BridgeHeader.h */ = {isa = PBXFileReference; fileEncoding = 4; lastKnownFileType = sourcecode.c.h; path = BridgeHeader.h; sourceTree = "<group>"; };
		79EEE0A119C104170037903F /* CouchbaseLite.framework */ = {isa = PBXFileReference; lastKnownFileType = wrapper.framework; path = CouchbaseLite.framework; sourceTree = "<group>"; };
/* End PBXFileReference section */

/* Begin PBXFrameworksBuildPhase section */
		79D3208019BF6AE7008C355C /* Frameworks */ = {
			isa = PBXFrameworksBuildPhase;
			buildActionMask = 2147483647;
			files = (
				79EEE09719C0FB870037903F /* libz.dylib in Frameworks */,
				79EEE09519C0FB7D0037903F /* libsqlite3.dylib in Frameworks */,
				79EEE09319C0FB720037903F /* SystemConfiguration.framework in Frameworks */,
				79EEE09119C0FB670037903F /* Security.framework in Frameworks */,
				79EEE0A219C104170037903F /* CouchbaseLite.framework in Frameworks */,
				79EEE08F19C0FB610037903F /* CFNetwork.framework in Frameworks */,
			);
			runOnlyForDeploymentPostprocessing = 0;
		};
		79D3209219BF6AE7008C355C /* Frameworks */ = {
			isa = PBXFrameworksBuildPhase;
			buildActionMask = 2147483647;
			files = (
			);
			runOnlyForDeploymentPostprocessing = 0;
		};
/* End PBXFrameworksBuildPhase section */

/* Begin PBXGroup section */
		79D3207A19BF6AE7008C355C = {
			isa = PBXGroup;
			children = (
				79EEE0A019C102E60037903F /* BridgeHeader.h */,
				79EEE09619C0FB870037903F /* libz.dylib */,
				79EEE09419C0FB7D0037903F /* libsqlite3.dylib */,
				79EEE09219C0FB720037903F /* SystemConfiguration.framework */,
				79EEE09019C0FB670037903F /* Security.framework */,
				79EEE08E19C0FB610037903F /* CFNetwork.framework */,
				79D3208519BF6AE7008C355C /* PicMapper */,
				79D3209819BF6AE7008C355C /* PicMapperTests */,
				79D3208419BF6AE7008C355C /* Products */,
				79EEE0A119C104170037903F /* CouchbaseLite.framework */,
			);
			sourceTree = "<group>";
		};
		79D3208419BF6AE7008C355C /* Products */ = {
			isa = PBXGroup;
			children = (
				79D3208319BF6AE7008C355C /* PicMapper.app */,
				79D3209519BF6AE7008C355C /* PicMapperTests.xctest */,
			);
			name = Products;
			sourceTree = "<group>";
		};
		79D3208519BF6AE7008C355C /* PicMapper */ = {
			isa = PBXGroup;
			children = (
				79D3208819BF6AE7008C355C /* AppDelegate.swift */,
				79D3208A19BF6AE7008C355C /* ViewController.swift */,
				79D3208C19BF6AE7008C355C /* Main.storyboard */,
				79D3208F19BF6AE7008C355C /* Images.xcassets */,
				79D3208619BF6AE7008C355C /* Supporting Files */,
			);
			path = PicMapper;
			sourceTree = "<group>";
		};
		79D3208619BF6AE7008C355C /* Supporting Files */ = {
			isa = PBXGroup;
			children = (
				79D3208719BF6AE7008C355C /* Info.plist */,
			);
			name = "Supporting Files";
			sourceTree = "<group>";
		};
		79D3209819BF6AE7008C355C /* PicMapperTests */ = {
			isa = PBXGroup;
			children = (
				79D3209B19BF6AE7008C355C /* PicMapperTests.swift */,
				79D3209919BF6AE7008C355C /* Supporting Files */,
			);
			path = PicMapperTests;
			sourceTree = "<group>";
		};
		79D3209919BF6AE7008C355C /* Supporting Files */ = {
			isa = PBXGroup;
			children = (
				79D3209A19BF6AE7008C355C /* Info.plist */,
			);
			name = "Supporting Files";
			sourceTree = "<group>";
		};
/* End PBXGroup section */

/* Begin PBXNativeTarget section */
		79D3208219BF6AE7008C355C /* PicMapper */ = {
			isa = PBXNativeTarget;
			buildConfigurationList = 79D3209F19BF6AE7008C355C /* Build configuration list for PBXNativeTarget "PicMapper" */;
			buildPhases = (
				79D3207F19BF6AE7008C355C /* Sources */,
				79D3208019BF6AE7008C355C /* Frameworks */,
				79D3208119BF6AE7008C355C /* Resources */,
			);
			buildRules = (
			);
			dependencies = (
			);
			name = PicMapper;
			productName = PicMapper;
			productReference = 79D3208319BF6AE7008C355C /* PicMapper.app */;
			productType = "com.apple.product-type.application";
		};
		79D3209419BF6AE7008C355C /* PicMapperTests */ = {
			isa = PBXNativeTarget;
			buildConfigurationList = 79D320A219BF6AE7008C355C /* Build configuration list for PBXNativeTarget "PicMapperTests" */;
			buildPhases = (
				79D3209119BF6AE7008C355C /* Sources */,
				79D3209219BF6AE7008C355C /* Frameworks */,
				79D3209319BF6AE7008C355C /* Resources */,
			);
			buildRules = (
			);
			dependencies = (
				79D3209719BF6AE7008C355C /* PBXTargetDependency */,
			);
			name = PicMapperTests;
			productName = PicMapperTests;
			productReference = 79D3209519BF6AE7008C355C /* PicMapperTests.xctest */;
			productType = "com.apple.product-type.bundle.unit-test";
		};
/* End PBXNativeTarget section */

/* Begin PBXProject section */
		79D3207B19BF6AE7008C355C /* Project object */ = {
			isa = PBXProject;
			attributes = {
				LastUpgradeCheck = 0600;
				ORGANIZATIONNAME = "Chris Anderson";
				TargetAttributes = {
					79D3208219BF6AE7008C355C = {
						CreatedOnToolsVersion = 6.0;
						DevelopmentTeam = N2Q372V7W2;
					};
					79D3209419BF6AE7008C355C = {
						CreatedOnToolsVersion = 6.0;
						TestTargetID = 79D3208219BF6AE7008C355C;
					};
				};
			};
			buildConfigurationList = 79D3207E19BF6AE7008C355C /* Build configuration list for PBXProject "PicMapper" */;
			compatibilityVersion = "Xcode 3.2";
			developmentRegion = English;
			hasScannedForEncodings = 0;
			knownRegions = (
				en,
				Base,
			);
			mainGroup = 79D3207A19BF6AE7008C355C;
			productRefGroup = 79D3208419BF6AE7008C355C /* Products */;
			projectDirPath = "";
			projectRoot = "";
			targets = (
				79D3208219BF6AE7008C355C /* PicMapper */,
				79D3209419BF6AE7008C355C /* PicMapperTests */,
			);
		};
/* End PBXProject section */

/* Begin PBXResourcesBuildPhase section */
		79D3208119BF6AE7008C355C /* Resources */ = {
			isa = PBXResourcesBuildPhase;
			buildActionMask = 2147483647;
			files = (
				79D3208E19BF6AE7008C355C /* Main.storyboard in Resources */,
				79D3209019BF6AE7008C355C /* Images.xcassets in Resources */,
			);
			runOnlyForDeploymentPostprocessing = 0;
		};
		79D3209319BF6AE7008C355C /* Resources */ = {
			isa = PBXResourcesBuildPhase;
			buildActionMask = 2147483647;
			files = (
			);
			runOnlyForDeploymentPostprocessing = 0;
		};
/* End PBXResourcesBuildPhase section */

/* Begin PBXSourcesBuildPhase section */
		79D3207F19BF6AE7008C355C /* Sources */ = {
			isa = PBXSourcesBuildPhase;
			buildActionMask = 2147483647;
			files = (
				79D3208B19BF6AE7008C355C /* ViewController.swift in Sources */,
				79D3208919BF6AE7008C355C /* AppDelegate.swift in Sources */,
			);
			runOnlyForDeploymentPostprocessing = 0;
		};
		79D3209119BF6AE7008C355C /* Sources */ = {
			isa = PBXSourcesBuildPhase;
			buildActionMask = 2147483647;
			files = (
				79D3209C19BF6AE7008C355C /* PicMapperTests.swift in Sources */,
			);
			runOnlyForDeploymentPostprocessing = 0;
		};
/* End PBXSourcesBuildPhase section */

/* Begin PBXTargetDependency section */
		79D3209719BF6AE7008C355C /* PBXTargetDependency */ = {
			isa = PBXTargetDependency;
			target = 79D3208219BF6AE7008C355C /* PicMapper */;
			targetProxy = 79D3209619BF6AE7008C355C /* PBXContainerItemProxy */;
		};
/* End PBXTargetDependency section */

/* Begin PBXVariantGroup section */
		79D3208C19BF6AE7008C355C /* Main.storyboard */ = {
			isa = PBXVariantGroup;
			children = (
				79D3208D19BF6AE7008C355C /* Base */,
			);
			name = Main.storyboard;
			sourceTree = "<group>";
		};
/* End PBXVariantGroup section */

/* Begin XCBuildConfiguration section */
		79D3209D19BF6AE7008C355C /* Debug */ = {
			isa = XCBuildConfiguration;
			buildSettings = {
				ALWAYS_SEARCH_USER_PATHS = NO;
				CLANG_CXX_LANGUAGE_STANDARD = "gnu++0x";
				CLANG_CXX_LIBRARY = "libc++";
				CLANG_ENABLE_MODULES = YES;
				CLANG_ENABLE_OBJC_ARC = YES;
				CLANG_WARN_BOOL_CONVERSION = YES;
				CLANG_WARN_CONSTANT_CONVERSION = YES;
				CLANG_WARN_DIRECT_OBJC_ISA_USAGE = YES_ERROR;
				CLANG_WARN_EMPTY_BODY = YES;
				CLANG_WARN_ENUM_CONVERSION = YES;
				CLANG_WARN_INT_CONVERSION = YES;
				CLANG_WARN_OBJC_ROOT_CLASS = YES_ERROR;
				CLANG_WARN_UNREACHABLE_CODE = YES;
				CLANG_WARN__DUPLICATE_METHOD_MATCH = YES;
				"CODE_SIGN_IDENTITY[sdk=iphoneos*]" = "iPhone Developer";
				COPY_PHASE_STRIP = NO;
				ENABLE_STRICT_OBJC_MSGSEND = YES;
				GCC_C_LANGUAGE_STANDARD = gnu99;
				GCC_DYNAMIC_NO_PIC = NO;
				GCC_OPTIMIZATION_LEVEL = 0;
				GCC_PREPROCESSOR_DEFINITIONS = (
					"DEBUG=1",
					"$(inherited)",
				);
				GCC_SYMBOLS_PRIVATE_EXTERN = NO;
				GCC_WARN_64_TO_32_BIT_CONVERSION = YES;
				GCC_WARN_ABOUT_RETURN_TYPE = YES_ERROR;
				GCC_WARN_UNDECLARED_SELECTOR = YES;
				GCC_WARN_UNINITIALIZED_AUTOS = YES_AGGRESSIVE;
				GCC_WARN_UNUSED_FUNCTION = YES;
				GCC_WARN_UNUSED_VARIABLE = YES;
				IPHONEOS_DEPLOYMENT_TARGET = 8.0;
				MTL_ENABLE_DEBUG_INFO = YES;
				ONLY_ACTIVE_ARCH = YES;
				SDKROOT = iphoneos;
				SWIFT_OPTIMIZATION_LEVEL = "-Onone";
				TARGETED_DEVICE_FAMILY = "1,2";
			};
			name = Debug;
		};
		79D3209E19BF6AE7008C355C /* Release */ = {
			isa = XCBuildConfiguration;
			buildSettings = {
				ALWAYS_SEARCH_USER_PATHS = NO;
				CLANG_CXX_LANGUAGE_STANDARD = "gnu++0x";
				CLANG_CXX_LIBRARY = "libc++";
				CLANG_ENABLE_MODULES = YES;
				CLANG_ENABLE_OBJC_ARC = YES;
				CLANG_WARN_BOOL_CONVERSION = YES;
				CLANG_WARN_CONSTANT_CONVERSION = YES;
				CLANG_WARN_DIRECT_OBJC_ISA_USAGE = YES_ERROR;
				CLANG_WARN_EMPTY_BODY = YES;
				CLANG_WARN_ENUM_CONVERSION = YES;
				CLANG_WARN_INT_CONVERSION = YES;
				CLANG_WARN_OBJC_ROOT_CLASS = YES_ERROR;
				CLANG_WARN_UNREACHABLE_CODE = YES;
				CLANG_WARN__DUPLICATE_METHOD_MATCH = YES;
				"CODE_SIGN_IDENTITY[sdk=iphoneos*]" = "iPhone Developer";
				COPY_PHASE_STRIP = YES;
				ENABLE_NS_ASSERTIONS = NO;
				ENABLE_STRICT_OBJC_MSGSEND = YES;
				GCC_C_LANGUAGE_STANDARD = gnu99;
				GCC_WARN_64_TO_32_BIT_CONVERSION = YES;
				GCC_WARN_ABOUT_RETURN_TYPE = YES_ERROR;
				GCC_WARN_UNDECLARED_SELECTOR = YES;
				GCC_WARN_UNINITIALIZED_AUTOS = YES_AGGRESSIVE;
				GCC_WARN_UNUSED_FUNCTION = YES;
				GCC_WARN_UNUSED_VARIABLE = YES;
				IPHONEOS_DEPLOYMENT_TARGET = 8.0;
				MTL_ENABLE_DEBUG_INFO = NO;
				SDKROOT = iphoneos;
				TARGETED_DEVICE_FAMILY = "1,2";
				VALIDATE_PRODUCT = YES;
			};
			name = Release;
		};
		79D320A019BF6AE7008C355C /* Debug */ = {
			isa = XCBuildConfiguration;
			buildSettings = {
				ASSETCATALOG_COMPILER_APPICON_NAME = AppIcon;
				ASSETCATALOG_COMPILER_LAUNCHIMAGE_NAME = LaunchImage;
				CODE_SIGN_IDENTITY = "iPhone Developer";
				DEFINES_MODULE = NO;
				FRAMEWORK_SEARCH_PATHS = (
					"$(inherited)",
					"/Users/jchris/Downloads/couchbase-lite-ios-enterprise_1.0.2",
					"$(PROJECT_DIR)",
					"$(USER_LIBRARY_DIR)/Developer/Xcode/DerivedData/CouchbaseLite-bhhkqfrlnbnqogachbjesrrwggdn/Build/Products/Debug-ios-universal",
				);
				INFOPLIST_FILE = PicMapper/Info.plist;
				IPHONEOS_DEPLOYMENT_TARGET = 7.1;
				LD_RUNPATH_SEARCH_PATHS = "$(inherited) @executable_path/Frameworks";
				OTHER_LDFLAGS = "-ObjC";
				PRODUCT_NAME = "$(TARGET_NAME)";
				SWIFT_OBJC_BRIDGING_HEADER = BridgeHeader.h;
			};
			name = Debug;
		};
		79D320A119BF6AE7008C355C /* Release */ = {
			isa = XCBuildConfiguration;
			buildSettings = {
				ASSETCATALOG_COMPILER_APPICON_NAME = AppIcon;
				ASSETCATALOG_COMPILER_LAUNCHIMAGE_NAME = LaunchImage;
				CODE_SIGN_IDENTITY = "iPhone Developer";
				DEFINES_MODULE = NO;
				FRAMEWORK_SEARCH_PATHS = (
					"$(inherited)",
					"/Users/jchris/Downloads/couchbase-lite-ios-enterprise_1.0.2",
					"$(PROJECT_DIR)",
					"$(USER_LIBRARY_DIR)/Developer/Xcode/DerivedData/CouchbaseLite-bhhkqfrlnbnqogachbjesrrwggdn/Build/Products/Debug-ios-universal",
				);
				INFOPLIST_FILE = PicMapper/Info.plist;
				IPHONEOS_DEPLOYMENT_TARGET = 7.1;
				LD_RUNPATH_SEARCH_PATHS = "$(inherited) @executable_path/Frameworks";
				OTHER_LDFLAGS = "-ObjC";
				PRODUCT_NAME = "$(TARGET_NAME)";
				SWIFT_OBJC_BRIDGING_HEADER = BridgeHeader.h;
			};
			name = Release;
		};
		79D320A319BF6AE7008C355C /* Debug */ = {
			isa = XCBuildConfiguration;
			buildSettings = {
				BUNDLE_LOADER = "$(BUILT_PRODUCTS_DIR)/PicMapper.app/PicMapper";
				FRAMEWORK_SEARCH_PATHS = (
					"$(SDKROOT)/Developer/Library/Frameworks",
					"$(inherited)",
				);
				GCC_PREPROCESSOR_DEFINITIONS = (
					"DEBUG=1",
					"$(inherited)",
				);
				INFOPLIST_FILE = PicMapperTests/Info.plist;
				LD_RUNPATH_SEARCH_PATHS = "$(inherited) @executable_path/Frameworks @loader_path/Frameworks";
				PRODUCT_NAME = "$(TARGET_NAME)";
				TEST_HOST = "$(BUNDLE_LOADER)";
			};
			name = Debug;
		};
		79D320A419BF6AE7008C355C /* Release */ = {
			isa = XCBuildConfiguration;
			buildSettings = {
				BUNDLE_LOADER = "$(BUILT_PRODUCTS_DIR)/PicMapper.app/PicMapper";
				FRAMEWORK_SEARCH_PATHS = (
					"$(SDKROOT)/Developer/Library/Frameworks",
					"$(inherited)",
				);
				INFOPLIST_FILE = PicMapperTests/Info.plist;
				LD_RUNPATH_SEARCH_PATHS = "$(inherited) @executable_path/Frameworks @loader_path/Frameworks";
				PRODUCT_NAME = "$(TARGET_NAME)";
				TEST_HOST = "$(BUNDLE_LOADER)";
			};
			name = Release;
		};
/* End XCBuildConfiguration section */

/* Begin XCConfigurationList section */
		79D3207E19BF6AE7008C355C /* Build configuration list for PBXProject "PicMapper" */ = {
			isa = XCConfigurationList;
			buildConfigurations = (
				79D3209D19BF6AE7008C355C /* Debug */,
				79D3209E19BF6AE7008C355C /* Release */,
			);
			defaultConfigurationIsVisible = 0;
			defaultConfigurationName = Release;
		};
		79D3209F19BF6AE7008C355C /* Build configuration list for PBXNativeTarget "PicMapper" */ = {
			isa = XCConfigurationList;
			buildConfigurations = (
				79D320A019BF6AE7008C355C /* Debug */,
				79D320A119BF6AE7008C355C /* Release */,
			);
			defaultConfigurationIsVisible = 0;
			defaultConfigurationName = Release;
		};
		79D320A219BF6AE7008C355C /* Build configuration list for PBXNativeTarget "PicMapperTests" */ = {
			isa = XCConfigurationList;
			buildConfigurations = (
				79D320A319BF6AE7008C355C /* Debug */,
				79D320A419BF6AE7008C355C /* Release */,
			);
			defaultConfigurationIsVisible = 0;
			defaultConfigurationName = Release;
		};
/* End XCConfigurationList section */
	};
	rootObject = 79D3207B19BF6AE7008C355C /* Project object */;
}
